github Hejsil zig-clap zig-master clap.zig 844c9370bcecf063daff697f296d6ae979190649
github nektro iguanaTLS master src/main.zig 954fd016964d44dfe8648985fd7c06f0067be6b0
github truemedian hzzp master src/main.zig 91ab8e741992e8db30b3ee1cd9e7cd5a072ca294
github leroycep zig-tzif master tzif.zig cbb1d9f6f4a06dac30da685d51f4f6f261f17bda
github jecolon ziglyph main src/ziglyph.zig c37d93b6c8e6a65aaf7f76157a8a95f9c9c43f61
github frmdstryr zig-datetime master src/datetime.zig 4782701cf1dbcf2d96dfcb2560f290cb74c54725
