github frmdstryr zig-datetime master datetime.zig b52235d4026ead2ce8e2b768daf880f8174f0be5
github Hejsil zig-clap zig-master clap.zig 42433ca7b59c3256f786af5d1d282798b5b37f31
github alexnask iguanaTLS master src/main.zig 71bcc990f5b9012a7c16d39036ca89c0645dc250
github truemedian hzzp master src/main.zig b4e874ed921f76941dce2870677b713c8e0ebc6c
