2
git https://github.com/nektro/iguanaTLS commit-953ad821fae6c920fb82399493663668cd91bde7
git https://github.com/jecolon/ziglyph commit-c37d93b6c8e6a65aaf7f76157a8a95f9c9c43f61
git https://github.com/frmdstryr/zig-datetime commit-4782701cf1dbcf2d96dfcb2560f290cb74c54725
git https://github.com/Hejsil/zig-clap commit-27899f951e94a67bf68d6dfebbf4ab9cf182d896
git https://github.com/truemedian/hzzp commit-417eb13fefb05835c0534e622b5a6e2dc2fcd3d7
git https://github.com/leroycep/zig-tzif commit-cbb1d9f6f4a06dac30da685d51f4f6f261f17bda
